// !$*UTF8*$!
{
	archiveVersion = 1;
	classes = {
	};
	objectVersion = 46;
	objects = {

/* Begin PBXBuildFile section */
		1F7D639219C466CE00A7C3A6 /* Swizzle.h in Headers */ = {isa = PBXBuildFile; fileRef = 1F7D639119C466CE00A7C3A6 /* Swizzle.h */; settings = {ATTRIBUTES = (Public, ); }; };
		1F7D639819C466CE00A7C3A6 /* Swizzle.framework in Frameworks */ = {isa = PBXBuildFile; fileRef = 1F7D638C19C466CE00A7C3A6 /* Swizzle.framework */; };
		1F7D639F19C466CE00A7C3A6 /* SwizzleTests.swift in Sources */ = {isa = PBXBuildFile; fileRef = 1F7D639E19C466CE00A7C3A6 /* SwizzleTests.swift */; };
		1F7D63A919C466DA00A7C3A6 /* Swizzle.swift in Sources */ = {isa = PBXBuildFile; fileRef = 1F7D63A819C466DA00A7C3A6 /* Swizzle.swift */; };
		1F7D63AB19C469BE00A7C3A6 /* _TestObject.swift in Sources */ = {isa = PBXBuildFile; fileRef = 1F7D63AA19C469BE00A7C3A6 /* _TestObject.swift */; };
		1FA3D1C819E16CC700EB17FD /* NSObject+Dealloc.m in Sources */ = {isa = PBXBuildFile; fileRef = 1FA3D1C719E16CC700EB17FD /* NSObject+Dealloc.m */; };
		E200D74B219AA87F00038746 /* SwizzleUITests.swift in Sources */ = {isa = PBXBuildFile; fileRef = E200D74A219AA87F00038746 /* SwizzleUITests.swift */; };
/* End PBXBuildFile section */

/* Begin PBXContainerItemProxy section */
		1F7D639919C466CE00A7C3A6 /* PBXContainerItemProxy */ = {
			isa = PBXContainerItemProxy;
			containerPortal = 1F7D638319C466CE00A7C3A6 /* Project object */;
			proxyType = 1;
			remoteGlobalIDString = 1F7D638B19C466CE00A7C3A6;
			remoteInfo = Swizzle;
		};
/* End PBXContainerItemProxy section */

/* Begin PBXFileReference section */
		1F7D638C19C466CE00A7C3A6 /* Swizzle.framework */ = {isa = PBXFileReference; explicitFileType = wrapper.framework; includeInIndex = 0; path = Swizzle.framework; sourceTree = BUILT_PRODUCTS_DIR; };
		1F7D639019C466CE00A7C3A6 /* Info.plist */ = {isa = PBXFileReference; lastKnownFileType = text.plist.xml; path = Info.plist; sourceTree = "<group>"; };
		1F7D639119C466CE00A7C3A6 /* Swizzle.h */ = {isa = PBXFileReference; lastKnownFileType = sourcecode.c.h; path = Swizzle.h; sourceTree = "<group>"; };
		1F7D639719C466CE00A7C3A6 /* SwizzleTests.xctest */ = {isa = PBXFileReference; explicitFileType = wrapper.cfbundle; includeInIndex = 0; path = SwizzleTests.xctest; sourceTree = BUILT_PRODUCTS_DIR; };
		1F7D639D19C466CE00A7C3A6 /* Info.plist */ = {isa = PBXFileReference; lastKnownFileType = text.plist.xml; path = Info.plist; sourceTree = "<group>"; };
		1F7D639E19C466CE00A7C3A6 /* SwizzleTests.swift */ = {isa = PBXFileReference; lastKnownFileType = sourcecode.swift; path = SwizzleTests.swift; sourceTree = "<group>"; };
		1F7D63A819C466DA00A7C3A6 /* Swizzle.swift */ = {isa = PBXFileReference; fileEncoding = 4; lastKnownFileType = sourcecode.swift; path = Swizzle.swift; sourceTree = "<group>"; };
		1F7D63AA19C469BE00A7C3A6 /* _TestObject.swift */ = {isa = PBXFileReference; fileEncoding = 4; lastKnownFileType = sourcecode.swift; path = _TestObject.swift; sourceTree = "<group>"; };
		1F9CD3C11DF6392400F16F38 /* UniversalFramework_Base.xcconfig */ = {isa = PBXFileReference; lastKnownFileType = text.xcconfig; path = UniversalFramework_Base.xcconfig; sourceTree = "<group>"; };
		1F9CD3C21DF6392400F16F38 /* UniversalFramework_Framework.xcconfig */ = {isa = PBXFileReference; lastKnownFileType = text.xcconfig; path = UniversalFramework_Framework.xcconfig; sourceTree = "<group>"; };
		1F9CD3C31DF6392400F16F38 /* UniversalFramework_Test.xcconfig */ = {isa = PBXFileReference; lastKnownFileType = text.xcconfig; path = UniversalFramework_Test.xcconfig; sourceTree = "<group>"; };
		1FA3D1C419E16C5000EB17FD /* SwizzleTests-Bridging-Header.h */ = {isa = PBXFileReference; lastKnownFileType = sourcecode.c.h; path = "SwizzleTests-Bridging-Header.h"; sourceTree = "<group>"; };
		1FA3D1C619E16CC700EB17FD /* NSObject+Dealloc.h */ = {isa = PBXFileReference; fileEncoding = 4; lastKnownFileType = sourcecode.c.h; path = "NSObject+Dealloc.h"; sourceTree = "<group>"; };
		1FA3D1C719E16CC700EB17FD /* NSObject+Dealloc.m */ = {isa = PBXFileReference; fileEncoding = 4; lastKnownFileType = sourcecode.c.objc; path = "NSObject+Dealloc.m"; sourceTree = "<group>"; };
		E200D74A219AA87F00038746 /* SwizzleUITests.swift */ = {isa = PBXFileReference; fileEncoding = 4; lastKnownFileType = sourcecode.swift; path = SwizzleUITests.swift; sourceTree = "<group>"; };
/* End PBXFileReference section */

/* Begin PBXFrameworksBuildPhase section */
		1F7D638819C466CE00A7C3A6 /* Frameworks */ = {
			isa = PBXFrameworksBuildPhase;
			buildActionMask = 2147483647;
			files = (
			);
			runOnlyForDeploymentPostprocessing = 0;
		};
		1F7D639419C466CE00A7C3A6 /* Frameworks */ = {
			isa = PBXFrameworksBuildPhase;
			buildActionMask = 2147483647;
			files = (
				1F7D639819C466CE00A7C3A6 /* Swizzle.framework in Frameworks */,
			);
			runOnlyForDeploymentPostprocessing = 0;
		};
/* End PBXFrameworksBuildPhase section */

/* Begin PBXGroup section */
		1F7D638219C466CE00A7C3A6 = {
			isa = PBXGroup;
			children = (
				1F9CD3BB1DF6392400F16F38 /* xcconfigs */,
				1F7D638E19C466CE00A7C3A6 /* Swizzle */,
				1F7D639B19C466CE00A7C3A6 /* SwizzleTests */,
				1F7D638D19C466CE00A7C3A6 /* Products */,
			);
			sourceTree = "<group>";
		};
		1F7D638D19C466CE00A7C3A6 /* Products */ = {
			isa = PBXGroup;
			children = (
				1F7D638C19C466CE00A7C3A6 /* Swizzle.framework */,
				1F7D639719C466CE00A7C3A6 /* SwizzleTests.xctest */,
			);
			name = Products;
			sourceTree = "<group>";
		};
		1F7D638E19C466CE00A7C3A6 /* Swizzle */ = {
			isa = PBXGroup;
			children = (
				1F7D639119C466CE00A7C3A6 /* Swizzle.h */,
				1F7D63A819C466DA00A7C3A6 /* Swizzle.swift */,
				1F7D638F19C466CE00A7C3A6 /* Supporting Files */,
			);
			path = Swizzle;
			sourceTree = "<group>";
		};
		1F7D638F19C466CE00A7C3A6 /* Supporting Files */ = {
			isa = PBXGroup;
			children = (
				1F7D639019C466CE00A7C3A6 /* Info.plist */,
			);
			name = "Supporting Files";
			sourceTree = "<group>";
		};
		1F7D639B19C466CE00A7C3A6 /* SwizzleTests */ = {
			isa = PBXGroup;
			children = (
				1FDEA67E1DF63A1F00869C7B /* Fixtures */,
				1F7D639E19C466CE00A7C3A6 /* SwizzleTests.swift */,
				E200D74A219AA87F00038746 /* SwizzleUITests.swift */,
				1F7D639C19C466CE00A7C3A6 /* Supporting Files */,
			);
			path = SwizzleTests;
			sourceTree = "<group>";
		};
		1F7D639C19C466CE00A7C3A6 /* Supporting Files */ = {
			isa = PBXGroup;
			children = (
				1F7D639D19C466CE00A7C3A6 /* Info.plist */,
			);
			name = "Supporting Files";
			sourceTree = "<group>";
		};
		1F9CD3BB1DF6392400F16F38 /* xcconfigs */ = {
			isa = PBXGroup;
			children = (
				1F9CD3C11DF6392400F16F38 /* UniversalFramework_Base.xcconfig */,
				1F9CD3C21DF6392400F16F38 /* UniversalFramework_Framework.xcconfig */,
				1F9CD3C31DF6392400F16F38 /* UniversalFramework_Test.xcconfig */,
			);
			name = xcconfigs;
			path = Carthage/Checkouts/xcconfigs;
			sourceTree = "<group>";
		};
		1FA3D1C919E1700400EB17FD /* ObjC-bridging */ = {
			isa = PBXGroup;
			children = (
				1FA3D1C419E16C5000EB17FD /* SwizzleTests-Bridging-Header.h */,
				1FA3D1C619E16CC700EB17FD /* NSObject+Dealloc.h */,
				1FA3D1C719E16CC700EB17FD /* NSObject+Dealloc.m */,
			);
			name = "ObjC-bridging";
			sourceTree = "<group>";
		};
		1FDEA67E1DF63A1F00869C7B /* Fixtures */ = {
			isa = PBXGroup;
			children = (
				1FA3D1C919E1700400EB17FD /* ObjC-bridging */,
				1F7D63AA19C469BE00A7C3A6 /* _TestObject.swift */,
			);
			name = Fixtures;
			sourceTree = "<group>";
		};
/* End PBXGroup section */

/* Begin PBXHeadersBuildPhase section */
		1F7D638919C466CE00A7C3A6 /* Headers */ = {
			isa = PBXHeadersBuildPhase;
			buildActionMask = 2147483647;
			files = (
				1F7D639219C466CE00A7C3A6 /* Swizzle.h in Headers */,
			);
			runOnlyForDeploymentPostprocessing = 0;
		};
/* End PBXHeadersBuildPhase section */

/* Begin PBXNativeTarget section */
		1F7D638B19C466CE00A7C3A6 /* Swizzle */ = {
			isa = PBXNativeTarget;
			buildConfigurationList = 1F7D63A219C466CE00A7C3A6 /* Build configuration list for PBXNativeTarget "Swizzle" */;
			buildPhases = (
				1F7D638719C466CE00A7C3A6 /* Sources */,
				1F7D638819C466CE00A7C3A6 /* Frameworks */,
				1F7D638919C466CE00A7C3A6 /* Headers */,
				1F7D638A19C466CE00A7C3A6 /* Resources */,
			);
			buildRules = (
			);
			dependencies = (
			);
			name = Swizzle;
			productName = Swizzle;
			productReference = 1F7D638C19C466CE00A7C3A6 /* Swizzle.framework */;
			productType = "com.apple.product-type.framework";
		};
		1F7D639619C466CE00A7C3A6 /* SwizzleTests */ = {
			isa = PBXNativeTarget;
			buildConfigurationList = 1F7D63A519C466CE00A7C3A6 /* Build configuration list for PBXNativeTarget "SwizzleTests" */;
			buildPhases = (
				1F7D639319C466CE00A7C3A6 /* Sources */,
				1F7D639419C466CE00A7C3A6 /* Frameworks */,
				1F7D639519C466CE00A7C3A6 /* Resources */,
			);
			buildRules = (
			);
			dependencies = (
				1F7D639A19C466CE00A7C3A6 /* PBXTargetDependency */,
			);
			name = SwizzleTests;
			productName = SwizzleTests;
			productReference = 1F7D639719C466CE00A7C3A6 /* SwizzleTests.xctest */;
			productType = "com.apple.product-type.bundle.unit-test";
		};
/* End PBXNativeTarget section */

/* Begin PBXProject section */
		1F7D638319C466CE00A7C3A6 /* Project object */ = {
			isa = PBXProject;
			attributes = {
				LastUpgradeCheck = 1000;
				ORGANIZATIONNAME = "Yasuhiro Inami";
				TargetAttributes = {
					1F7D638B19C466CE00A7C3A6 = {
						CreatedOnToolsVersion = 6.1;
						LastSwiftMigration = 1000;
					};
					1F7D639619C466CE00A7C3A6 = {
						CreatedOnToolsVersion = 6.1;
						LastSwiftMigration = 1000;
					};
				};
			};
			buildConfigurationList = 1F7D638619C466CE00A7C3A6 /* Build configuration list for PBXProject "Swizzle" */;
			compatibilityVersion = "Xcode 3.2";
			developmentRegion = English;
			hasScannedForEncodings = 0;
			knownRegions = (
				en,
			);
			mainGroup = 1F7D638219C466CE00A7C3A6;
			productRefGroup = 1F7D638D19C466CE00A7C3A6 /* Products */;
			projectDirPath = "";
			projectRoot = "";
			targets = (
				1F7D638B19C466CE00A7C3A6 /* Swizzle */,
				1F7D639619C466CE00A7C3A6 /* SwizzleTests */,
			);
		};
/* End PBXProject section */

/* Begin PBXResourcesBuildPhase section */
		1F7D638A19C466CE00A7C3A6 /* Resources */ = {
			isa = PBXResourcesBuildPhase;
			buildActionMask = 2147483647;
			files = (
			);
			runOnlyForDeploymentPostprocessing = 0;
		};
		1F7D639519C466CE00A7C3A6 /* Resources */ = {
			isa = PBXResourcesBuildPhase;
			buildActionMask = 2147483647;
			files = (
			);
			runOnlyForDeploymentPostprocessing = 0;
		};
/* End PBXResourcesBuildPhase section */

/* Begin PBXSourcesBuildPhase section */
		1F7D638719C466CE00A7C3A6 /* Sources */ = {
			isa = PBXSourcesBuildPhase;
			buildActionMask = 2147483647;
			files = (
				1F7D63A919C466DA00A7C3A6 /* Swizzle.swift in Sources */,
			);
			runOnlyForDeploymentPostprocessing = 0;
		};
		1F7D639319C466CE00A7C3A6 /* Sources */ = {
			isa = PBXSourcesBuildPhase;
			buildActionMask = 2147483647;
			files = (
				1FA3D1C819E16CC700EB17FD /* NSObject+Dealloc.m in Sources */,
				1F7D639F19C466CE00A7C3A6 /* SwizzleTests.swift in Sources */,
				E200D74B219AA87F00038746 /* SwizzleUITests.swift in Sources */,
				1F7D63AB19C469BE00A7C3A6 /* _TestObject.swift in Sources */,
			);
			runOnlyForDeploymentPostprocessing = 0;
		};
/* End PBXSourcesBuildPhase section */

/* Begin PBXTargetDependency section */
		1F7D639A19C466CE00A7C3A6 /* PBXTargetDependency */ = {
			isa = PBXTargetDependency;
			target = 1F7D638B19C466CE00A7C3A6 /* Swizzle */;
			targetProxy = 1F7D639919C466CE00A7C3A6 /* PBXContainerItemProxy */;
		};
/* End PBXTargetDependency section */

/* Begin XCBuildConfiguration section */
		1F7D63A019C466CE00A7C3A6 /* Debug */ = {
			isa = XCBuildConfiguration;
			baseConfigurationReference = 1F9CD3C11DF6392400F16F38 /* UniversalFramework_Base.xcconfig */;
			buildSettings = {
				ALWAYS_SEARCH_USER_PATHS = NO;
				CLANG_CXX_LANGUAGE_STANDARD = "gnu++0x";
				CLANG_CXX_LIBRARY = "libc++";
				CLANG_ENABLE_MODULES = YES;
				CLANG_ENABLE_OBJC_ARC = YES;
				CLANG_WARN_BLOCK_CAPTURE_AUTORELEASING = YES;
				CLANG_WARN_BOOL_CONVERSION = YES;
				CLANG_WARN_COMMA = YES;
				CLANG_WARN_CONSTANT_CONVERSION = YES;
				CLANG_WARN_DEPRECATED_OBJC_IMPLEMENTATIONS = YES;
				CLANG_WARN_DIRECT_OBJC_ISA_USAGE = YES_ERROR;
				CLANG_WARN_EMPTY_BODY = YES;
				CLANG_WARN_ENUM_CONVERSION = YES;
				CLANG_WARN_INFINITE_RECURSION = YES;
				CLANG_WARN_INT_CONVERSION = YES;
				CLANG_WARN_NON_LITERAL_NULL_CONVERSION = YES;
				CLANG_WARN_OBJC_IMPLICIT_RETAIN_SELF = YES;
				CLANG_WARN_OBJC_LITERAL_CONVERSION = YES;
				CLANG_WARN_OBJC_ROOT_CLASS = YES_ERROR;
				CLANG_WARN_RANGE_LOOP_ANALYSIS = YES;
				CLANG_WARN_STRICT_PROTOTYPES = YES;
				CLANG_WARN_SUSPICIOUS_MOVE = YES;
				CLANG_WARN_UNREACHABLE_CODE = YES;
				CLANG_WARN__DUPLICATE_METHOD_MATCH = YES;
				COPY_PHASE_STRIP = NO;
				CURRENT_PROJECT_VERSION = 1;
				ENABLE_STRICT_OBJC_MSGSEND = YES;
				ENABLE_TESTABILITY = YES;
				GCC_C_LANGUAGE_STANDARD = gnu99;
				GCC_DYNAMIC_NO_PIC = NO;
				GCC_NO_COMMON_BLOCKS = YES;
				GCC_OPTIMIZATION_LEVEL = 0;
				GCC_PREPROCESSOR_DEFINITIONS = (
					"DEBUG=1",
					"$(inherited)",
				);
				GCC_SYMBOLS_PRIVATE_EXTERN = NO;
				GCC_WARN_64_TO_32_BIT_CONVERSION = YES;
				GCC_WARN_ABOUT_RETURN_TYPE = YES_ERROR;
				GCC_WARN_UNDECLARED_SELECTOR = YES;
				GCC_WARN_UNINITIALIZED_AUTOS = YES_AGGRESSIVE;
				GCC_WARN_UNUSED_FUNCTION = YES;
				GCC_WARN_UNUSED_VARIABLE = YES;
				MTL_ENABLE_DEBUG_INFO = YES;
				ONLY_ACTIVE_ARCH = YES;
				SWIFT_OPTIMIZATION_LEVEL = "-Onone";
				VERSIONING_SYSTEM = "apple-generic";
				VERSION_INFO_PREFIX = "";
			};
			name = Debug;
		};
		1F7D63A119C466CE00A7C3A6 /* Release */ = {
			isa = XCBuildConfiguration;
			baseConfigurationReference = 1F9CD3C11DF6392400F16F38 /* UniversalFramework_Base.xcconfig */;
			buildSettings = {
				ALWAYS_SEARCH_USER_PATHS = NO;
				CLANG_CXX_LANGUAGE_STANDARD = "gnu++0x";
				CLANG_CXX_LIBRARY = "libc++";
				CLANG_ENABLE_MODULES = YES;
				CLANG_ENABLE_OBJC_ARC = YES;
				CLANG_WARN_BLOCK_CAPTURE_AUTORELEASING = YES;
				CLANG_WARN_BOOL_CONVERSION = YES;
				CLANG_WARN_COMMA = YES;
				CLANG_WARN_CONSTANT_CONVERSION = YES;
				CLANG_WARN_DEPRECATED_OBJC_IMPLEMENTATIONS = YES;
				CLANG_WARN_DIRECT_OBJC_ISA_USAGE = YES_ERROR;
				CLANG_WARN_EMPTY_BODY = YES;
				CLANG_WARN_ENUM_CONVERSION = YES;
				CLANG_WARN_INFINITE_RECURSION = YES;
				CLANG_WARN_INT_CONVERSION = YES;
				CLANG_WARN_NON_LITERAL_NULL_CONVERSION = YES;
				CLANG_WARN_OBJC_IMPLICIT_RETAIN_SELF = YES;
				CLANG_WARN_OBJC_LITERAL_CONVERSION = YES;
				CLANG_WARN_OBJC_ROOT_CLASS = YES_ERROR;
				CLANG_WARN_RANGE_LOOP_ANALYSIS = YES;
				CLANG_WARN_STRICT_PROTOTYPES = YES;
				CLANG_WARN_SUSPICIOUS_MOVE = YES;
				CLANG_WARN_UNREACHABLE_CODE = YES;
				CLANG_WARN__DUPLICATE_METHOD_MATCH = YES;
				COPY_PHASE_STRIP = YES;
				CURRENT_PROJECT_VERSION = 1;
				DEBUG_INFORMATION_FORMAT = "dwarf-with-dsym";
				ENABLE_NS_ASSERTIONS = NO;
				ENABLE_STRICT_OBJC_MSGSEND = YES;
				GCC_C_LANGUAGE_STANDARD = gnu99;
				GCC_NO_COMMON_BLOCKS = YES;
				GCC_WARN_64_TO_32_BIT_CONVERSION = YES;
				GCC_WARN_ABOUT_RETURN_TYPE = YES_ERROR;
				GCC_WARN_UNDECLARED_SELECTOR = YES;
				GCC_WARN_UNINITIALIZED_AUTOS = YES_AGGRESSIVE;
				GCC_WARN_UNUSED_FUNCTION = YES;
				GCC_WARN_UNUSED_VARIABLE = YES;
				MTL_ENABLE_DEBUG_INFO = NO;
				SWIFT_OPTIMIZATION_LEVEL = "-Owholemodule";
				VERSIONING_SYSTEM = "apple-generic";
				VERSION_INFO_PREFIX = "";
			};
			name = Release;
		};
		1F7D63A319C466CE00A7C3A6 /* Debug */ = {
			isa = XCBuildConfiguration;
			baseConfigurationReference = 1F9CD3C21DF6392400F16F38 /* UniversalFramework_Framework.xcconfig */;
			buildSettings = {
				CLANG_ENABLE_MODULES = YES;
				COMBINE_HIDPI_IMAGES = YES;
				DEFINES_MODULE = YES;
				DYLIB_COMPATIBILITY_VERSION = 1;
				DYLIB_CURRENT_VERSION = 1;
				DYLIB_INSTALL_NAME_BASE = "@rpath";
				FRAMEWORK_VERSION = A;
				INFOPLIST_FILE = Swizzle/Info.plist;
				INSTALL_PATH = "$(LOCAL_LIBRARY_DIR)/Frameworks";
				PRODUCT_BUNDLE_IDENTIFIER = "com.inamiy.$(PRODUCT_NAME:rfc1034identifier)";
				PRODUCT_NAME = "$(PROJECT_NAME)";
				SKIP_INSTALL = YES;
				SWIFT_VERSION = 4.2;
			};
			name = Debug;
		};
		1F7D63A419C466CE00A7C3A6 /* Release */ = {
			isa = XCBuildConfiguration;
			baseConfigurationReference = 1F9CD3C21DF6392400F16F38 /* UniversalFramework_Framework.xcconfig */;
			buildSettings = {
				CLANG_ENABLE_MODULES = YES;
				COMBINE_HIDPI_IMAGES = YES;
				DEFINES_MODULE = YES;
				DYLIB_COMPATIBILITY_VERSION = 1;
				DYLIB_CURRENT_VERSION = 1;
				DYLIB_INSTALL_NAME_BASE = "@rpath";
				FRAMEWORK_VERSION = A;
				INFOPLIST_FILE = Swizzle/Info.plist;
				INSTALL_PATH = "$(LOCAL_LIBRARY_DIR)/Frameworks";
				PRODUCT_BUNDLE_IDENTIFIER = "com.inamiy.$(PRODUCT_NAME:rfc1034identifier)";
				PRODUCT_NAME = "$(PROJECT_NAME)";
				SKIP_INSTALL = YES;
				SWIFT_VERSION = 4.2;
			};
			name = Release;
		};
		1F7D63A619C466CE00A7C3A6 /* Debug */ = {
			isa = XCBuildConfiguration;
			baseConfigurationReference = 1F9CD3C31DF6392400F16F38 /* UniversalFramework_Test.xcconfig */;
			buildSettings = {
				CLANG_ENABLE_MODULES = YES;
				COMBINE_HIDPI_IMAGES = YES;
				FRAMEWORK_SEARCH_PATHS = (
					"$(DEVELOPER_FRAMEWORKS_DIR)",
					"$(inherited)",
				);
				GCC_PREPROCESSOR_DEFINITIONS = (
					"DEBUG=1",
					"$(inherited)",
				);
				INFOPLIST_FILE = SwizzleTests/Info.plist;
				PRODUCT_BUNDLE_IDENTIFIER = "com.inamiy.$(PRODUCT_NAME:rfc1034identifier)";
				PRODUCT_NAME = "$(TARGET_NAME)";
				SWIFT_OBJC_BRIDGING_HEADER = "SwizzleTests/SwizzleTests-Bridging-Header.h";
				SWIFT_VERSION = 4.2;
			};
			name = Debug;
		};
		1F7D63A719C466CE00A7C3A6 /* Release */ = {
			isa = XCBuildConfiguration;
			baseConfigurationReference = 1F9CD3C31DF6392400F16F38 /* UniversalFramework_Test.xcconfig */;
			buildSettings = {
				CLANG_ENABLE_MODULES = YES;
				COMBINE_HIDPI_IMAGES = YES;
				FRAMEWORK_SEARCH_PATHS = (
					"$(DEVELOPER_FRAMEWORKS_DIR)",
					"$(inherited)",
				);
				INFOPLIST_FILE = SwizzleTests/Info.plist;
				PRODUCT_BUNDLE_IDENTIFIER = "com.inamiy.$(PRODUCT_NAME:rfc1034identifier)";
				PRODUCT_NAME = "$(TARGET_NAME)";
				SWIFT_OBJC_BRIDGING_HEADER = "SwizzleTests/SwizzleTests-Bridging-Header.h";
				SWIFT_VERSION = 4.2;
			};
			name = Release;
		};
/* End XCBuildConfiguration section */

/* Begin XCConfigurationList section */
		1F7D638619C466CE00A7C3A6 /* Build configuration list for PBXProject "Swizzle" */ = {
			isa = XCConfigurationList;
			buildConfigurations = (
				1F7D63A019C466CE00A7C3A6 /* Debug */,
				1F7D63A119C466CE00A7C3A6 /* Release */,
			);
			defaultConfigurationIsVisible = 0;
			defaultConfigurationName = Release;
		};
		1F7D63A219C466CE00A7C3A6 /* Build configuration list for PBXNativeTarget "Swizzle" */ = {
			isa = XCConfigurationList;
			buildConfigurations = (
				1F7D63A319C466CE00A7C3A6 /* Debug */,
				1F7D63A419C466CE00A7C3A6 /* Release */,
			);
			defaultConfigurationIsVisible = 0;
			defaultConfigurationName = Release;
		};
		1F7D63A519C466CE00A7C3A6 /* Build configuration list for PBXNativeTarget "SwizzleTests" */ = {
			isa = XCConfigurationList;
			buildConfigurations = (
				1F7D63A619C466CE00A7C3A6 /* Debug */,
				1F7D63A719C466CE00A7C3A6 /* Release */,
			);
			defaultConfigurationIsVisible = 0;
			defaultConfigurationName = Release;
		};
/* End XCConfigurationList section */
	};
	rootObject = 1F7D638319C466CE00A7C3A6 /* Project object */;
}
